// !$*UTF8*$!
{
	archiveVersion = 1;
	classes = {
	};
	objectVersion = 46;
	objects = {

/* Begin PBXBuildFile section */
		664D782A1CE52C2600DFFA72 /* AppDelegate.swift in Sources */ = {isa = PBXBuildFile; fileRef = 664D78291CE52C2600DFFA72 /* AppDelegate.swift */; };
		664D782C1CE52C2600DFFA72 /* ViewController.swift in Sources */ = {isa = PBXBuildFile; fileRef = 664D782B1CE52C2600DFFA72 /* ViewController.swift */; };
		664D782F1CE52C2600DFFA72 /* Main.storyboard in Resources */ = {isa = PBXBuildFile; fileRef = 664D782D1CE52C2600DFFA72 /* Main.storyboard */; };
		664D78321CE52C2600DFFA72 /* HBDragButtonTestProject.xcdatamodeld in Sources */ = {isa = PBXBuildFile; fileRef = 664D78301CE52C2600DFFA72 /* HBDragButtonTestProject.xcdatamodeld */; };
		664D78341CE52C2600DFFA72 /* Assets.xcassets in Resources */ = {isa = PBXBuildFile; fileRef = 664D78331CE52C2600DFFA72 /* Assets.xcassets */; };
		664D78371CE52C2600DFFA72 /* LaunchScreen.storyboard in Resources */ = {isa = PBXBuildFile; fileRef = 664D78351CE52C2600DFFA72 /* LaunchScreen.storyboard */; };
		A548D06120050F9600F034C4 /* HBDragButton.swift in Sources */ = {isa = PBXBuildFile; fileRef = A548D06020050F9600F034C4 /* HBDragButton.swift */; };
/* End PBXBuildFile section */

/* Begin PBXFileReference section */
		664D78261CE52C2600DFFA72 /* HBDragButtonTestProject.app */ = {isa = PBXFileReference; explicitFileType = wrapper.application; includeInIndex = 0; path = HBDragButtonTestProject.app; sourceTree = BUILT_PRODUCTS_DIR; };
		664D78291CE52C2600DFFA72 /* AppDelegate.swift */ = {isa = PBXFileReference; lastKnownFileType = sourcecode.swift; path = AppDelegate.swift; sourceTree = "<group>"; };
		664D782B1CE52C2600DFFA72 /* ViewController.swift */ = {isa = PBXFileReference; lastKnownFileType = sourcecode.swift; path = ViewController.swift; sourceTree = "<group>"; };
		664D782E1CE52C2600DFFA72 /* Base */ = {isa = PBXFileReference; lastKnownFileType = file.storyboard; name = Base; path = Base.lproj/Main.storyboard; sourceTree = "<group>"; };
		664D78311CE52C2600DFFA72 /* HBDragButtonTestProject.xcdatamodel */ = {isa = PBXFileReference; lastKnownFileType = wrapper.xcdatamodel; path = HBDragButtonTestProject.xcdatamodel; sourceTree = "<group>"; };
		664D78331CE52C2600DFFA72 /* Assets.xcassets */ = {isa = PBXFileReference; lastKnownFileType = folder.assetcatalog; path = Assets.xcassets; sourceTree = "<group>"; };
		664D78361CE52C2600DFFA72 /* Base */ = {isa = PBXFileReference; lastKnownFileType = file.storyboard; name = Base; path = Base.lproj/LaunchScreen.storyboard; sourceTree = "<group>"; };
		664D78381CE52C2600DFFA72 /* Info.plist */ = {isa = PBXFileReference; lastKnownFileType = text.plist.xml; path = Info.plist; sourceTree = "<group>"; };
		A548D06020050F9600F034C4 /* HBDragButton.swift */ = {isa = PBXFileReference; fileEncoding = 4; lastKnownFileType = sourcecode.swift; path = HBDragButton.swift; sourceTree = "<group>"; };
/* End PBXFileReference section */

/* Begin PBXFrameworksBuildPhase section */
		664D78231CE52C2600DFFA72 /* Frameworks */ = {
			isa = PBXFrameworksBuildPhase;
			buildActionMask = 2147483647;
			files = (
			);
			runOnlyForDeploymentPostprocessing = 0;
		};
/* End PBXFrameworksBuildPhase section */

/* Begin PBXGroup section */
		664D781D1CE52C2600DFFA72 = {
			isa = PBXGroup;
			children = (
				664D78281CE52C2600DFFA72 /* HBDragButtonTestProject */,
				664D78271CE52C2600DFFA72 /* Products */,
			);
			sourceTree = "<group>";
		};
		664D78271CE52C2600DFFA72 /* Products */ = {
			isa = PBXGroup;
			children = (
				664D78261CE52C2600DFFA72 /* HBDragButtonTestProject.app */,
			);
			name = Products;
			sourceTree = "<group>";
		};
		664D78281CE52C2600DFFA72 /* HBDragButtonTestProject */ = {
			isa = PBXGroup;
			children = (
				664D78291CE52C2600DFFA72 /* AppDelegate.swift */,
				664D782B1CE52C2600DFFA72 /* ViewController.swift */,
				664D783E1CE52D2700DFFA72 /* HBDragButton */,
				664D782D1CE52C2600DFFA72 /* Main.storyboard */,
				664D78331CE52C2600DFFA72 /* Assets.xcassets */,
				664D78351CE52C2600DFFA72 /* LaunchScreen.storyboard */,
				664D78381CE52C2600DFFA72 /* Info.plist */,
				664D78301CE52C2600DFFA72 /* HBDragButtonTestProject.xcdatamodeld */,
			);
			path = HBDragButtonTestProject;
			sourceTree = "<group>";
		};
		664D783E1CE52D2700DFFA72 /* HBDragButton */ = {
			isa = PBXGroup;
			children = (
				A548D06020050F9600F034C4 /* HBDragButton.swift */,
			);
			name = HBDragButton;
			sourceTree = "<group>";
		};
/* End PBXGroup section */

/* Begin PBXNativeTarget section */
		664D78251CE52C2600DFFA72 /* HBDragButtonTestProject */ = {
			isa = PBXNativeTarget;
			buildConfigurationList = 664D783B1CE52C2600DFFA72 /* Build configuration list for PBXNativeTarget "HBDragButtonTestProject" */;
			buildPhases = (
				664D78221CE52C2600DFFA72 /* Sources */,
				664D78231CE52C2600DFFA72 /* Frameworks */,
				664D78241CE52C2600DFFA72 /* Resources */,
			);
			buildRules = (
			);
			dependencies = (
			);
			name = HBDragButtonTestProject;
			productName = HBDragButtonTestProject;
			productReference = 664D78261CE52C2600DFFA72 /* HBDragButtonTestProject.app */;
			productType = "com.apple.product-type.application";
		};
/* End PBXNativeTarget section */

/* Begin PBXProject section */
		664D781E1CE52C2600DFFA72 /* Project object */ = {
			isa = PBXProject;
			attributes = {
				LastSwiftUpdateCheck = 0730;
				LastUpgradeCheck = 0920;
				ORGANIZATIONNAME = "Bosc-Ducros Hugo";
				TargetAttributes = {
					664D78251CE52C2600DFFA72 = {
						CreatedOnToolsVersion = 7.3.1;
						DevelopmentTeam = PDQ5C92H2Y;
					};
				};
			};
			buildConfigurationList = 664D78211CE52C2600DFFA72 /* Build configuration list for PBXProject "HBDragButtonTestProject" */;
			compatibilityVersion = "Xcode 3.2";
			developmentRegion = English;
			hasScannedForEncodings = 0;
			knownRegions = (
				en,
				Base,
			);
			mainGroup = 664D781D1CE52C2600DFFA72;
			productRefGroup = 664D78271CE52C2600DFFA72 /* Products */;
			projectDirPath = "";
			projectRoot = "";
			targets = (
				664D78251CE52C2600DFFA72 /* HBDragButtonTestProject */,
			);
		};
/* End PBXProject section */

/* Begin PBXResourcesBuildPhase section */
		664D78241CE52C2600DFFA72 /* Resources */ = {
			isa = PBXResourcesBuildPhase;
			buildActionMask = 2147483647;
			files = (
				664D78371CE52C2600DFFA72 /* LaunchScreen.storyboard in Resources */,
				664D78341CE52C2600DFFA72 /* Assets.xcassets in Resources */,
				664D782F1CE52C2600DFFA72 /* Main.storyboard in Resources */,
			);
			runOnlyForDeploymentPostprocessing = 0;
		};
/* End PBXResourcesBuildPhase section */

/* Begin PBXSourcesBuildPhase section */
		664D78221CE52C2600DFFA72 /* Sources */ = {
			isa = PBXSourcesBuildPhase;
			buildActionMask = 2147483647;
			files = (
				664D782C1CE52C2600DFFA72 /* ViewController.swift in Sources */,
				A548D06120050F9600F034C4 /* HBDragButton.swift in Sources */,
				664D782A1CE52C2600DFFA72 /* AppDelegate.swift in Sources */,
				664D78321CE52C2600DFFA72 /* HBDragButtonTestProject.xcdatamodeld in Sources */,
			);
			runOnlyForDeploymentPostprocessing = 0;
		};
/* End PBXSourcesBuildPhase section */

/* Begin PBXVariantGroup section */
		664D782D1CE52C2600DFFA72 /* Main.storyboard */ = {
			isa = PBXVariantGroup;
			children = (
				664D782E1CE52C2600DFFA72 /* Base */,
			);
			name = Main.storyboard;
			sourceTree = "<group>";
		};
		664D78351CE52C2600DFFA72 /* LaunchScreen.storyboard */ = {
			isa = PBXVariantGroup;
			children = (
				664D78361CE52C2600DFFA72 /* Base */,
			);
			name = LaunchScreen.storyboard;
			sourceTree = "<group>";
		};
/* End PBXVariantGroup section */

/* Begin XCBuildConfiguration section */
		664D78391CE52C2600DFFA72 /* Debug */ = {
			isa = XCBuildConfiguration;
			buildSettings = {
				ALWAYS_SEARCH_USER_PATHS = NO;
				CLANG_ANALYZER_NONNULL = YES;
				CLANG_CXX_LANGUAGE_STANDARD = "gnu++0x";
				CLANG_CXX_LIBRARY = "libc++";
				CLANG_ENABLE_MODULES = YES;
				CLANG_ENABLE_OBJC_ARC = YES;
				CLANG_WARN_BLOCK_CAPTURE_AUTORELEASING = YES;
				CLANG_WARN_BOOL_CONVERSION = YES;
				CLANG_WARN_COMMA = YES;
				CLANG_WARN_CONSTANT_CONVERSION = YES;
				CLANG_WARN_DIRECT_OBJC_ISA_USAGE = YES_ERROR;
				CLANG_WARN_EMPTY_BODY = YES;
				CLANG_WARN_ENUM_CONVERSION = YES;
				CLANG_WARN_INFINITE_RECURSION = YES;
				CLANG_WARN_INT_CONVERSION = YES;
				CLANG_WARN_NON_LITERAL_NULL_CONVERSION = YES;
				CLANG_WARN_OBJC_LITERAL_CONVERSION = YES;
				CLANG_WARN_OBJC_ROOT_CLASS = YES_ERROR;
				CLANG_WARN_RANGE_LOOP_ANALYSIS = YES;
				CLANG_WARN_STRICT_PROTOTYPES = YES;
				CLANG_WARN_SUSPICIOUS_MOVE = YES;
				CLANG_WARN_UNREACHABLE_CODE = YES;
				CLANG_WARN__DUPLICATE_METHOD_MATCH = YES;
				"CODE_SIGN_IDENTITY[sdk=iphoneos*]" = "iPhone Developer";
				COPY_PHASE_STRIP = NO;
				DEBUG_INFORMATION_FORMAT = dwarf;
				ENABLE_STRICT_OBJC_MSGSEND = YES;
				ENABLE_TESTABILITY = YES;
				GCC_C_LANGUAGE_STANDARD = gnu99;
				GCC_DYNAMIC_NO_PIC = NO;
				GCC_NO_COMMON_BLOCKS = YES;
				GCC_OPTIMIZATION_LEVEL = 0;
				GCC_PREPROCESSOR_DEFINITIONS = (
					"DEBUG=1",
					"$(inherited)",
				);
				GCC_WARN_64_TO_32_BIT_CONVERSION = YES;
				GCC_WARN_ABOUT_RETURN_TYPE = YES_ERROR;
				GCC_WARN_UNDECLARED_SELECTOR = YES;
				GCC_WARN_UNINITIALIZED_AUTOS = YES_AGGRESSIVE;
				GCC_WARN_UNUSED_FUNCTION = YES;
				GCC_WARN_UNUSED_VARIABLE = YES;
				IPHONEOS_DEPLOYMENT_TARGET = 9.3;
				MTL_ENABLE_DEBUG_INFO = YES;
				ONLY_ACTIVE_ARCH = YES;
				SDKROOT = iphoneos;
				SWIFT_OPTIMIZATION_LEVEL = "-Onone";
			};
			name = Debug;
		};
		664D783A1CE52C2600DFFA72 /* Release */ = {
			isa = XCBuildConfiguration;
			buildSettings = {
				ALWAYS_SEARCH_USER_PATHS = NO;
				CLANG_ANALYZER_NONNULL = YES;
				CLANG_CXX_LANGUAGE_STANDARD = "gnu++0x";
				CLANG_CXX_LIBRARY = "libc++";
				CLANG_ENABLE_MODULES = YES;
				CLANG_ENABLE_OBJC_ARC = YES;
				CLANG_WARN_BLOCK_CAPTURE_AUTORELEASING = YES;
				CLANG_WARN_BOOL_CONVERSION = YES;
				CLANG_WARN_COMMA = YES;
				CLANG_WARN_CONSTANT_CONVERSION = YES;
				CLANG_WARN_DIRECT_OBJC_ISA_USAGE = YES_ERROR;
				CLANG_WARN_EMPTY_BODY = YES;
				CLANG_WARN_ENUM_CONVERSION = YES;
				CLANG_WARN_INFINITE_RECURSION = YES;
				CLANG_WARN_INT_CONVERSION = YES;
				CLANG_WARN_NON_LITERAL_NULL_CONVERSION = YES;
				CLANG_WARN_OBJC_LITERAL_CONVERSION = YES;
				CLANG_WARN_OBJC_ROOT_CLASS = YES_ERROR;
				CLANG_WARN_RANGE_LOOP_ANALYSIS = YES;
				CLANG_WARN_STRICT_PROTOTYPES = YES;
				CLANG_WARN_SUSPICIOUS_MOVE = YES;
				CLANG_WARN_UNREACHABLE_CODE = YES;
				CLANG_WARN__DUPLICATE_METHOD_MATCH = YES;
				"CODE_SIGN_IDENTITY[sdk=iphoneos*]" = "iPhone Developer";
				COPY_PHASE_STRIP = NO;
				DEBUG_INFORMATION_FORMAT = "dwarf-with-dsym";
				ENABLE_NS_ASSERTIONS = NO;
				ENABLE_STRICT_OBJC_MSGSEND = YES;
				GCC_C_LANGUAGE_STANDARD = gnu99;
				GCC_NO_COMMON_BLOCKS = YES;
				GCC_WARN_64_TO_32_BIT_CONVERSION = YES;
				GCC_WARN_ABOUT_RETURN_TYPE = YES_ERROR;
				GCC_WARN_UNDECLARED_SELECTOR = YES;
				GCC_WARN_UNINITIALIZED_AUTOS = YES_AGGRESSIVE;
				GCC_WARN_UNUSED_FUNCTION = YES;
				GCC_WARN_UNUSED_VARIABLE = YES;
				IPHONEOS_DEPLOYMENT_TARGET = 9.3;
				MTL_ENABLE_DEBUG_INFO = NO;
				SDKROOT = iphoneos;
				SWIFT_OPTIMIZATION_LEVEL = "-Owholemodule";
				VALIDATE_PRODUCT = YES;
			};
			name = Release;
		};
		664D783C1CE52C2600DFFA72 /* Debug */ = {
			isa = XCBuildConfiguration;
			buildSettings = {
				ASSETCATALOG_COMPILER_APPICON_NAME = AppIcon;
				CODE_SIGN_IDENTITY = "iPhone Developer";
				INFOPLIST_FILE = HBDragButtonTestProject/Info.plist;
				LD_RUNPATH_SEARCH_PATHS = "$(inherited) @executable_path/Frameworks";
				PRODUCT_BUNDLE_IDENTIFIER = HBD.HBDragButtonTestProject;
				PRODUCT_NAME = "$(TARGET_NAME)";
				SWIFT_VERSION = 3.0;
			};
			name = Debug;
		};
		664D783D1CE52C2600DFFA72 /* Release */ = {
			isa = XCBuildConfiguration;
			buildSettings = {
				ASSETCATALOG_COMPILER_APPICON_NAME = AppIcon;
				CODE_SIGN_IDENTITY = "iPhone Developer";
				INFOPLIST_FILE = HBDragButtonTestProject/Info.plist;
				LD_RUNPATH_SEARCH_PATHS = "$(inherited) @executable_path/Frameworks";
				PRODUCT_BUNDLE_IDENTIFIER = HBD.HBDragButtonTestProject;
				PRODUCT_NAME = "$(TARGET_NAME)";
				SWIFT_VERSION = 3.0;
			};
			name = Release;
		};
/* End XCBuildConfiguration section */

/* Begin XCConfigurationList section */
		664D78211CE52C2600DFFA72 /* Build configuration list for PBXProject "HBDragButtonTestProject" */ = {
			isa = XCConfigurationList;
			buildConfigurations = (
				664D78391CE52C2600DFFA72 /* Debug */,
				664D783A1CE52C2600DFFA72 /* Release */,
			);
			defaultConfigurationIsVisible = 0;
			defaultConfigurationName = Release;
		};
		664D783B1CE52C2600DFFA72 /* Build configuration list for PBXNativeTarget "HBDragButtonTestProject" */ = {
			isa = XCConfigurationList;
			buildConfigurations = (
				664D783C1CE52C2600DFFA72 /* Debug */,
				664D783D1CE52C2600DFFA72 /* Release */,
			);
			defaultConfigurationIsVisible = 0;
			defaultConfigurationName = Release;
		};
/* End XCConfigurationList section */

/* Begin XCVersionGroup section */
		664D78301CE52C2600DFFA72 /* HBDragButtonTestProject.xcdatamodeld */ = {
			isa = XCVersionGroup;
			children = (
				664D78311CE52C2600DFFA72 /* HBDragButtonTestProject.xcdatamodel */,
			);
			currentVersion = 664D78311CE52C2600DFFA72 /* HBDragButtonTestProject.xcdatamodel */;
			path = HBDragButtonTestProject.xcdatamodeld;
			sourceTree = "<group>";
			versionGroupType = wrapper.xcdatamodel;
		};
/* End XCVersionGroup section */
	};
	rootObject = 664D781E1CE52C2600DFFA72 /* Project object */;
}
